// !$*UTF8*$!
{
	archiveVersion = 1;
	classes = {
	};
	objectVersion = 48;
	objects = {

/* Begin PBXBuildFile section */
		01D1C222D3A0EC4238A47517 /* GraphRouterTests.swift in Sources */ = {isa = PBXBuildFile; fileRef = E60CBF7372972077E72FCA2C /* GraphRouterTests.swift */; };
		17B2DE693982C7DDBC23667F /* HomeInteractor.swift in Sources */ = {isa = PBXBuildFile; fileRef = B68EE7AD3EE36E328D87AF4D /* HomeInteractor.swift */; };
		21650546425CE98DE008FDFC /* AddViewController.swift in Sources */ = {isa = PBXBuildFile; fileRef = 955062B6F6C704D4A22507E0 /* AddViewController.swift */; };
		4531A79222CA727576401E1E /* AddViewTests.swift in Sources */ = {isa = PBXBuildFile; fileRef = CBF697B6994C19131EAFAEBB /* AddViewTests.swift */; };
		58BA82E8BDDEF1327D6CFAB4 /* HomeViewTests.swift in Sources */ = {isa = PBXBuildFile; fileRef = 9ECB6B240C1005976225C5DA /* HomeViewTests.swift */; };
		6897AD0000FEBE276A556ABD /* GraphInteractor.swift in Sources */ = {isa = PBXBuildFile; fileRef = 7E6E2081A3624AA7DBE11825 /* GraphInteractor.swift */; };
		73F4043C4B0E65A19198E440 /* AddRouter.swift in Sources */ = {isa = PBXBuildFile; fileRef = 702130AD706FBE0E9A79A0DB /* AddRouter.swift */; };
		760A8C7105231C84E3161706 /* HomeInteractorTests.swift in Sources */ = {isa = PBXBuildFile; fileRef = E23EDA0BDB66D070F7DCEFFE /* HomeInteractorTests.swift */; };
		7D58C19C4B8DBE999569ED96 /* HogeInteractorTests.swift in Sources */ = {isa = PBXBuildFile; fileRef = 1D4CFCC3E6E4EE716972DF14 /* HogeInteractorTests.swift */; };
		8374CC45BEE6209AF401C039 /* GraphPresenter.swift in Sources */ = {isa = PBXBuildFile; fileRef = EB43510DE904659CD6545D31 /* GraphPresenter.swift */; };
		8A5E7F4335507E84D6F3EA05 /* HomeRouter.swift in Sources */ = {isa = PBXBuildFile; fileRef = C042CC21CD24C6E9A0D41178 /* HomeRouter.swift */; };
		8CE5DA1733DEDF11EB45926F /* HogeViewTests.swift in Sources */ = {isa = PBXBuildFile; fileRef = FF1FF903E9648E9D7886D2F9 /* HogeViewTests.swift */; };
		A3754C048C05C257EB7BFD64 /* AddInteractorTests.swift in Sources */ = {isa = PBXBuildFile; fileRef = 0613C78C66F9A44AF5C073F6 /* AddInteractorTests.swift */; };
		ADD272BDFE321D4E1858AA7C /* GraphViewController.swift in Sources */ = {isa = PBXBuildFile; fileRef = 5899C36D268012F3AE4C84DF /* GraphViewController.swift */; };
		C1A6A88FCF4FAB1CD622EEC3 /* HomePresenterTests.swift in Sources */ = {isa = PBXBuildFile; fileRef = 7F78E5CB61F6A61487266E6E /* HomePresenterTests.swift */; };
		C48705E6AA578CE8BCD54D98 /* GraphRouter.swift in Sources */ = {isa = PBXBuildFile; fileRef = 9527B75D5420DBA44140FBBA /* GraphRouter.swift */; };
		C57E8C2F173CAB39C26D8BDA /* HomeViewController.swift in Sources */ = {isa = PBXBuildFile; fileRef = 4F930D823CB103386183C3C7 /* HomeViewController.swift */; };
		C69541C7C74D0A00D590F896 /* HomeRouterTests.swift in Sources */ = {isa = PBXBuildFile; fileRef = 216581D90DC2925E9857CC68 /* HomeRouterTests.swift */; };
		C73525E42CC28DE819D31895 /* HogePresenterTests.swift in Sources */ = {isa = PBXBuildFile; fileRef = 55752901523D80710DD2D4DF /* HogePresenterTests.swift */; };
		C9862D7A16C38A2A74516178 /* AddInteractor.swift in Sources */ = {isa = PBXBuildFile; fileRef = 8694E2CBAC83877433CD7811 /* AddInteractor.swift */; };
		DAA8D83B306863B6F6ACB1EA /* AddRouterTests.swift in Sources */ = {isa = PBXBuildFile; fileRef = B84941AB1EBEEC9D0CF7D581 /* AddRouterTests.swift */; };
		E4022661206362F00008C8F5 /* AppDelegate.swift in Sources */ = {isa = PBXBuildFile; fileRef = E4022660206362F00008C8F5 /* AppDelegate.swift */; };
		E4022668206362F00008C8F5 /* Assets.xcassets in Resources */ = {isa = PBXBuildFile; fileRef = E4022667206362F00008C8F5 /* Assets.xcassets */; };
		E4022676206362F00008C8F5 /* iOSBoilerplateTests.swift in Sources */ = {isa = PBXBuildFile; fileRef = E4022675206362F00008C8F5 /* iOSBoilerplateTests.swift */; };
		E4022681206362F00008C8F5 /* iOSBoilerplateUITests.swift in Sources */ = {isa = PBXBuildFile; fileRef = E4022680206362F00008C8F5 /* iOSBoilerplateUITests.swift */; };
		E403FE6A2068CDC100BD2A8C /* Cartography.framework in Frameworks */ = {isa = PBXBuildFile; fileRef = E403FE692068CDC100BD2A8C /* Cartography.framework */; };
		E43258C82063973900871566 /* Eureka.framework in Frameworks */ = {isa = PBXBuildFile; fileRef = E43258C72063973900871566 /* Eureka.framework */; };
		E45F91B5206E055C00A690E5 /* Task.swift in Sources */ = {isa = PBXBuildFile; fileRef = E45F91B4206E055C00A690E5 /* Task.swift */; };
		E45F91B82071D3AE00A690E5 /* TaskSchema.swift in Sources */ = {isa = PBXBuildFile; fileRef = E45F91B72071D3AE00A690E5 /* TaskSchema.swift */; };
		E45F91BB2071E50000A690E5 /* TaskService.swift in Sources */ = {isa = PBXBuildFile; fileRef = E45F91BA2071E50000A690E5 /* TaskService.swift */; };
		E45F91BD2071EB5900A690E5 /* ResourceService.swift in Sources */ = {isa = PBXBuildFile; fileRef = E45F91BC2071EB5900A690E5 /* ResourceService.swift */; };
		E45F91C02071EF9700A690E5 /* BaseInteractor.swift in Sources */ = {isa = PBXBuildFile; fileRef = E45F91BF2071EF9700A690E5 /* BaseInteractor.swift */; };
		E45F91C2207204BE00A690E5 /* InitService.swift in Sources */ = {isa = PBXBuildFile; fileRef = E45F91C1207204BE00A690E5 /* InitService.swift */; };
		E471B88320721CC7000AB2C8 /* Charts.framework in Frameworks */ = {isa = PBXBuildFile; fileRef = E471B88220721CC7000AB2C8 /* Charts.framework */; };
		E4FF7C63206A223B00176853 /* SQLite.framework in Frameworks */ = {isa = PBXBuildFile; fileRef = E4FF7C62206A223B00176853 /* SQLite.framework */; };
		E92A0BCB589648EF1F40F23C /* GraphInteractorTests.swift in Sources */ = {isa = PBXBuildFile; fileRef = 1880894E33CED3A91910A5FB /* GraphInteractorTests.swift */; };
		EA68A765A6C3C090189BDD9C /* AddPresenterTests.swift in Sources */ = {isa = PBXBuildFile; fileRef = DB650F1CF13DA1D216B4C2BB /* AddPresenterTests.swift */; };
		EC7BD8D71D533C4560004C13 /* AddPresenter.swift in Sources */ = {isa = PBXBuildFile; fileRef = 6F8854EAF28A41922E7E4646 /* AddPresenter.swift */; };
		EFF9C09ED1744D55E02875A5 /* HogeRouterTests.swift in Sources */ = {isa = PBXBuildFile; fileRef = 62C87FADD5A16220976D68AB /* HogeRouterTests.swift */; };
		FA31659289C8319D59DEFB43 /* GraphPresenterTests.swift in Sources */ = {isa = PBXBuildFile; fileRef = 9280F1682D32D6C981E0E390 /* GraphPresenterTests.swift */; };
		FBD86862108340A5F64EC7EA /* GraphViewTests.swift in Sources */ = {isa = PBXBuildFile; fileRef = 293C679CA328952D0D181743 /* GraphViewTests.swift */; };
		FBEFD457D44551D65A89A2FB /* HomePresenter.swift in Sources */ = {isa = PBXBuildFile; fileRef = 6B091EB464E689D1E0781D47 /* HomePresenter.swift */; };
/* End PBXBuildFile section */

/* Begin PBXContainerItemProxy section */
		E4022672206362F00008C8F5 /* PBXContainerItemProxy */ = {
			isa = PBXContainerItemProxy;
			containerPortal = E4022655206362EF0008C8F5 /* Project object */;
			proxyType = 1;
			remoteGlobalIDString = E402265C206362EF0008C8F5;
			remoteInfo = iOSBoilerplate;
		};
		E402267D206362F00008C8F5 /* PBXContainerItemProxy */ = {
			isa = PBXContainerItemProxy;
			containerPortal = E4022655206362EF0008C8F5 /* Project object */;
			proxyType = 1;
			remoteGlobalIDString = E402265C206362EF0008C8F5;
			remoteInfo = iOSBoilerplate;
		};
/* End PBXContainerItemProxy section */

/* Begin PBXFileReference section */
		0613C78C66F9A44AF5C073F6 /* AddInteractorTests.swift */ = {isa = PBXFileReference; includeInIndex = 1; lastKnownFileType = sourcecode.swift; path = AddInteractorTests.swift; sourceTree = "<group>"; };
		1880894E33CED3A91910A5FB /* GraphInteractorTests.swift */ = {isa = PBXFileReference; includeInIndex = 1; lastKnownFileType = sourcecode.swift; path = GraphInteractorTests.swift; sourceTree = "<group>"; };
		1D4CFCC3E6E4EE716972DF14 /* HogeInteractorTests.swift */ = {isa = PBXFileReference; includeInIndex = 1; lastKnownFileType = sourcecode.swift; path = HogeInteractorTests.swift; sourceTree = "<group>"; };
		216581D90DC2925E9857CC68 /* HomeRouterTests.swift */ = {isa = PBXFileReference; includeInIndex = 1; lastKnownFileType = sourcecode.swift; path = HomeRouterTests.swift; sourceTree = "<group>"; };
		293C679CA328952D0D181743 /* GraphViewTests.swift */ = {isa = PBXFileReference; includeInIndex = 1; lastKnownFileType = sourcecode.swift; path = GraphViewTests.swift; sourceTree = "<group>"; };
		4F930D823CB103386183C3C7 /* HomeViewController.swift */ = {isa = PBXFileReference; includeInIndex = 1; lastKnownFileType = sourcecode.swift; path = HomeViewController.swift; sourceTree = "<group>"; };
		55752901523D80710DD2D4DF /* HogePresenterTests.swift */ = {isa = PBXFileReference; includeInIndex = 1; lastKnownFileType = sourcecode.swift; path = HogePresenterTests.swift; sourceTree = "<group>"; };
		5899C36D268012F3AE4C84DF /* GraphViewController.swift */ = {isa = PBXFileReference; includeInIndex = 1; lastKnownFileType = sourcecode.swift; path = GraphViewController.swift; sourceTree = "<group>"; };
		62C87FADD5A16220976D68AB /* HogeRouterTests.swift */ = {isa = PBXFileReference; includeInIndex = 1; lastKnownFileType = sourcecode.swift; path = HogeRouterTests.swift; sourceTree = "<group>"; };
		6B091EB464E689D1E0781D47 /* HomePresenter.swift */ = {isa = PBXFileReference; includeInIndex = 1; lastKnownFileType = sourcecode.swift; path = HomePresenter.swift; sourceTree = "<group>"; };
		6F8854EAF28A41922E7E4646 /* AddPresenter.swift */ = {isa = PBXFileReference; includeInIndex = 1; lastKnownFileType = sourcecode.swift; path = AddPresenter.swift; sourceTree = "<group>"; };
		702130AD706FBE0E9A79A0DB /* AddRouter.swift */ = {isa = PBXFileReference; includeInIndex = 1; lastKnownFileType = sourcecode.swift; path = AddRouter.swift; sourceTree = "<group>"; };
		7E6E2081A3624AA7DBE11825 /* GraphInteractor.swift */ = {isa = PBXFileReference; includeInIndex = 1; lastKnownFileType = sourcecode.swift; path = GraphInteractor.swift; sourceTree = "<group>"; };
		7F78E5CB61F6A61487266E6E /* HomePresenterTests.swift */ = {isa = PBXFileReference; includeInIndex = 1; lastKnownFileType = sourcecode.swift; path = HomePresenterTests.swift; sourceTree = "<group>"; };
		8694E2CBAC83877433CD7811 /* AddInteractor.swift */ = {isa = PBXFileReference; includeInIndex = 1; lastKnownFileType = sourcecode.swift; path = AddInteractor.swift; sourceTree = "<group>"; };
		9280F1682D32D6C981E0E390 /* GraphPresenterTests.swift */ = {isa = PBXFileReference; includeInIndex = 1; lastKnownFileType = sourcecode.swift; path = GraphPresenterTests.swift; sourceTree = "<group>"; };
		9527B75D5420DBA44140FBBA /* GraphRouter.swift */ = {isa = PBXFileReference; includeInIndex = 1; lastKnownFileType = sourcecode.swift; path = GraphRouter.swift; sourceTree = "<group>"; };
		955062B6F6C704D4A22507E0 /* AddViewController.swift */ = {isa = PBXFileReference; includeInIndex = 1; lastKnownFileType = sourcecode.swift; path = AddViewController.swift; sourceTree = "<group>"; };
		9ECB6B240C1005976225C5DA /* HomeViewTests.swift */ = {isa = PBXFileReference; includeInIndex = 1; lastKnownFileType = sourcecode.swift; path = HomeViewTests.swift; sourceTree = "<group>"; };
		B68EE7AD3EE36E328D87AF4D /* HomeInteractor.swift */ = {isa = PBXFileReference; includeInIndex = 1; lastKnownFileType = sourcecode.swift; path = HomeInteractor.swift; sourceTree = "<group>"; };
		B84941AB1EBEEC9D0CF7D581 /* AddRouterTests.swift */ = {isa = PBXFileReference; includeInIndex = 1; lastKnownFileType = sourcecode.swift; path = AddRouterTests.swift; sourceTree = "<group>"; };
		C042CC21CD24C6E9A0D41178 /* HomeRouter.swift */ = {isa = PBXFileReference; includeInIndex = 1; lastKnownFileType = sourcecode.swift; path = HomeRouter.swift; sourceTree = "<group>"; };
		CBF697B6994C19131EAFAEBB /* AddViewTests.swift */ = {isa = PBXFileReference; includeInIndex = 1; lastKnownFileType = sourcecode.swift; path = AddViewTests.swift; sourceTree = "<group>"; };
		DB650F1CF13DA1D216B4C2BB /* AddPresenterTests.swift */ = {isa = PBXFileReference; includeInIndex = 1; lastKnownFileType = sourcecode.swift; path = AddPresenterTests.swift; sourceTree = "<group>"; };
		E23EDA0BDB66D070F7DCEFFE /* HomeInteractorTests.swift */ = {isa = PBXFileReference; includeInIndex = 1; lastKnownFileType = sourcecode.swift; path = HomeInteractorTests.swift; sourceTree = "<group>"; };
		E402265D206362F00008C8F5 /* iOSBoilerplate.app */ = {isa = PBXFileReference; explicitFileType = wrapper.application; includeInIndex = 0; path = iOSBoilerplate.app; sourceTree = BUILT_PRODUCTS_DIR; };
		E4022660206362F00008C8F5 /* AppDelegate.swift */ = {isa = PBXFileReference; lastKnownFileType = sourcecode.swift; path = AppDelegate.swift; sourceTree = "<group>"; };
		E4022667206362F00008C8F5 /* Assets.xcassets */ = {isa = PBXFileReference; lastKnownFileType = folder.assetcatalog; path = Assets.xcassets; sourceTree = "<group>"; };
		E402266C206362F00008C8F5 /* Info.plist */ = {isa = PBXFileReference; lastKnownFileType = text.plist.xml; path = Info.plist; sourceTree = "<group>"; };
		E4022671206362F00008C8F5 /* iOSBoilerplateTests.xctest */ = {isa = PBXFileReference; explicitFileType = wrapper.cfbundle; includeInIndex = 0; path = iOSBoilerplateTests.xctest; sourceTree = BUILT_PRODUCTS_DIR; };
		E4022675206362F00008C8F5 /* iOSBoilerplateTests.swift */ = {isa = PBXFileReference; lastKnownFileType = sourcecode.swift; path = iOSBoilerplateTests.swift; sourceTree = "<group>"; };
		E4022677206362F00008C8F5 /* Info.plist */ = {isa = PBXFileReference; lastKnownFileType = text.plist.xml; path = Info.plist; sourceTree = "<group>"; };
		E402267C206362F00008C8F5 /* iOSBoilerplateUITests.xctest */ = {isa = PBXFileReference; explicitFileType = wrapper.cfbundle; includeInIndex = 0; path = iOSBoilerplateUITests.xctest; sourceTree = BUILT_PRODUCTS_DIR; };
		E4022680206362F00008C8F5 /* iOSBoilerplateUITests.swift */ = {isa = PBXFileReference; lastKnownFileType = sourcecode.swift; path = iOSBoilerplateUITests.swift; sourceTree = "<group>"; };
		E4022682206362F00008C8F5 /* Info.plist */ = {isa = PBXFileReference; lastKnownFileType = text.plist.xml; path = Info.plist; sourceTree = "<group>"; };
		E403FE692068CDC100BD2A8C /* Cartography.framework */ = {isa = PBXFileReference; lastKnownFileType = wrapper.framework; name = Cartography.framework; path = Carthage/Build/iOS/Cartography.framework; sourceTree = "<group>"; };
		E43258C72063973900871566 /* Eureka.framework */ = {isa = PBXFileReference; lastKnownFileType = wrapper.framework; name = Eureka.framework; path = Carthage/Build/iOS/Eureka.framework; sourceTree = "<group>"; };
		E45F91B4206E055C00A690E5 /* Task.swift */ = {isa = PBXFileReference; lastKnownFileType = sourcecode.swift; path = Task.swift; sourceTree = "<group>"; };
		E45F91B72071D3AE00A690E5 /* TaskSchema.swift */ = {isa = PBXFileReference; lastKnownFileType = sourcecode.swift; path = TaskSchema.swift; sourceTree = "<group>"; };
		E45F91BA2071E50000A690E5 /* TaskService.swift */ = {isa = PBXFileReference; lastKnownFileType = sourcecode.swift; path = TaskService.swift; sourceTree = "<group>"; };
		E45F91BC2071EB5900A690E5 /* ResourceService.swift */ = {isa = PBXFileReference; lastKnownFileType = sourcecode.swift; path = ResourceService.swift; sourceTree = "<group>"; };
		E45F91BF2071EF9700A690E5 /* BaseInteractor.swift */ = {isa = PBXFileReference; lastKnownFileType = sourcecode.swift; path = BaseInteractor.swift; sourceTree = "<group>"; };
		E45F91C1207204BE00A690E5 /* InitService.swift */ = {isa = PBXFileReference; lastKnownFileType = sourcecode.swift; path = InitService.swift; sourceTree = "<group>"; };
		E471B88220721CC7000AB2C8 /* Charts.framework */ = {isa = PBXFileReference; lastKnownFileType = wrapper.framework; name = Charts.framework; path = Carthage/Build/iOS/Charts.framework; sourceTree = "<group>"; };
		E4FF7C62206A223B00176853 /* SQLite.framework */ = {isa = PBXFileReference; lastKnownFileType = wrapper.framework; name = SQLite.framework; path = Carthage/Build/iOS/SQLite.framework; sourceTree = "<group>"; };
		E60CBF7372972077E72FCA2C /* GraphRouterTests.swift */ = {isa = PBXFileReference; includeInIndex = 1; lastKnownFileType = sourcecode.swift; path = GraphRouterTests.swift; sourceTree = "<group>"; };
		EB43510DE904659CD6545D31 /* GraphPresenter.swift */ = {isa = PBXFileReference; includeInIndex = 1; lastKnownFileType = sourcecode.swift; path = GraphPresenter.swift; sourceTree = "<group>"; };
		FF1FF903E9648E9D7886D2F9 /* HogeViewTests.swift */ = {isa = PBXFileReference; includeInIndex = 1; lastKnownFileType = sourcecode.swift; path = HogeViewTests.swift; sourceTree = "<group>"; };
/* End PBXFileReference section */

/* Begin PBXFrameworksBuildPhase section */
		E402265A206362EF0008C8F5 /* Frameworks */ = {
			isa = PBXFrameworksBuildPhase;
			buildActionMask = 2147483647;
			files = (
				E471B88320721CC7000AB2C8 /* Charts.framework in Frameworks */,
				E4FF7C63206A223B00176853 /* SQLite.framework in Frameworks */,
				E403FE6A2068CDC100BD2A8C /* Cartography.framework in Frameworks */,
				E43258C82063973900871566 /* Eureka.framework in Frameworks */,
			);
			runOnlyForDeploymentPostprocessing = 0;
		};
		E402266E206362F00008C8F5 /* Frameworks */ = {
			isa = PBXFrameworksBuildPhase;
			buildActionMask = 2147483647;
			files = (
			);
			runOnlyForDeploymentPostprocessing = 0;
		};
		E4022679206362F00008C8F5 /* Frameworks */ = {
			isa = PBXFrameworksBuildPhase;
			buildActionMask = 2147483647;
			files = (
			);
			runOnlyForDeploymentPostprocessing = 0;
		};
/* End PBXFrameworksBuildPhase section */

/* Begin PBXGroup section */
		066ED69B578073E30A4822DD /* Interactor */ = {
			isa = PBXGroup;
			children = (
				E23EDA0BDB66D070F7DCEFFE /* HomeInteractorTests.swift */,
			);
			path = Interactor;
			sourceTree = "<group>";
		};
		087BF270DF29B663085F8292 /* Interactor */ = {
			isa = PBXGroup;
			children = (
				1D4CFCC3E6E4EE716972DF14 /* HogeInteractorTests.swift */,
			);
			path = Interactor;
			sourceTree = "<group>";
		};
		0A8B401AB982A64BEFA89765 /* View */ = {
			isa = PBXGroup;
			children = (
				4F930D823CB103386183C3C7 /* HomeViewController.swift */,
			);
			path = View;
			sourceTree = "<group>";
		};
		159598BA46B12F3D8F00F8B7 /* Presenter */ = {
			isa = PBXGroup;
			children = (
				55752901523D80710DD2D4DF /* HogePresenterTests.swift */,
			);
			path = Presenter;
			sourceTree = "<group>";
		};
		189BA37FD496C2DE41F6FDF0 /* Home */ = {
			isa = PBXGroup;
			children = (
				AE496E0A6CD16CE51D56F19B /* View */,
				066ED69B578073E30A4822DD /* Interactor */,
				737F1A065F1CE27886CD384C /* Presenter */,
				39E4162442AD7008F927E9E2 /* Router */,
			);
			path = Home;
			sourceTree = "<group>";
		};
		1A047335904D964FD6C6429D /* View */ = {
			isa = PBXGroup;
			children = (
				293C679CA328952D0D181743 /* GraphViewTests.swift */,
			);
			path = View;
			sourceTree = "<group>";
		};
		1E95BCE296FF0FF79A1A2676 /* Add */ = {
			isa = PBXGroup;
			children = (
				F96A9EE5DD3812F7D49B36C5 /* View */,
				4F3896C0802D258CDB6642F5 /* Interactor */,
				1EB6F96E4AFFB429503ECB41 /* Presenter */,
				87F86A70FA951BBDB76C80AB /* Router */,
			);
			path = Add;
			sourceTree = "<group>";
		};
		1EB6F96E4AFFB429503ECB41 /* Presenter */ = {
			isa = PBXGroup;
			children = (
				6F8854EAF28A41922E7E4646 /* AddPresenter.swift */,
			);
			path = Presenter;
			sourceTree = "<group>";
		};
		1EEEEEE76ED4B703294E501A /* Router */ = {
			isa = PBXGroup;
			children = (
				E60CBF7372972077E72FCA2C /* GraphRouterTests.swift */,
			);
			path = Router;
			sourceTree = "<group>";
		};
		20796FF3F030D498EE005B8D /* Router */ = {
			isa = PBXGroup;
			children = (
				C042CC21CD24C6E9A0D41178 /* HomeRouter.swift */,
			);
			path = Router;
			sourceTree = "<group>";
		};
		219FE00E31A80EE60D88AD8E /* Add */ = {
			isa = PBXGroup;
			children = (
				B4DBFE626DF6939F2CA4F521 /* View */,
				67AAC64A41DC15FBCAD47D5A /* Interactor */,
				334E55BE87A62D988E88ECC7 /* Presenter */,
				613C9372E89A13262518BEC5 /* Router */,
			);
			path = Add;
			sourceTree = "<group>";
		};
		334E55BE87A62D988E88ECC7 /* Presenter */ = {
			isa = PBXGroup;
			children = (
				DB650F1CF13DA1D216B4C2BB /* AddPresenterTests.swift */,
			);
			path = Presenter;
			sourceTree = "<group>";
		};
		39E4162442AD7008F927E9E2 /* Router */ = {
			isa = PBXGroup;
			children = (
				216581D90DC2925E9857CC68 /* HomeRouterTests.swift */,
			);
			path = Router;
			sourceTree = "<group>";
		};
		3E8DF6BB320B30CED15F868D /* Interactor */ = {
			isa = PBXGroup;
			children = (
				7E6E2081A3624AA7DBE11825 /* GraphInteractor.swift */,
			);
			path = Interactor;
			sourceTree = "<group>";
		};
		4081C50F6927575BB5383459 /* Hoge */ = {
			isa = PBXGroup;
			children = (
				BC5AF7DF32680764CD364BF9 /* View */,
				087BF270DF29B663085F8292 /* Interactor */,
				159598BA46B12F3D8F00F8B7 /* Presenter */,
				708D8F40F9F951CA20C36653 /* Router */,
			);
			path = Hoge;
			sourceTree = "<group>";
		};
		41FBAD01DB675846A7F3F86C /* Graph */ = {
			isa = PBXGroup;
			children = (
				E982FEDCBFA87C03EE4402D1 /* View */,
				3E8DF6BB320B30CED15F868D /* Interactor */,
				ABD16C6F2D02B11C10990831 /* Presenter */,
				614273E35DFAF112F6361C63 /* Router */,
			);
			path = Graph;
			sourceTree = "<group>";
		};
		4F3896C0802D258CDB6642F5 /* Interactor */ = {
			isa = PBXGroup;
			children = (
				8694E2CBAC83877433CD7811 /* AddInteractor.swift */,
			);
			path = Interactor;
			sourceTree = "<group>";
		};
		52EDEE9A0F191D445CAE75A3 /* Presenter */ = {
			isa = PBXGroup;
			children = (
				6B091EB464E689D1E0781D47 /* HomePresenter.swift */,
			);
			path = Presenter;
			sourceTree = "<group>";
		};
		5D14599C55E6CBDF76D48267 /* Home */ = {
			isa = PBXGroup;
			children = (
				0A8B401AB982A64BEFA89765 /* View */,
				7BE76C56821D486ADE4F8294 /* Interactor */,
				52EDEE9A0F191D445CAE75A3 /* Presenter */,
				20796FF3F030D498EE005B8D /* Router */,
			);
			path = Home;
			sourceTree = "<group>";
		};
		613C9372E89A13262518BEC5 /* Router */ = {
			isa = PBXGroup;
			children = (
				B84941AB1EBEEC9D0CF7D581 /* AddRouterTests.swift */,
			);
			path = Router;
			sourceTree = "<group>";
		};
		614273E35DFAF112F6361C63 /* Router */ = {
			isa = PBXGroup;
			children = (
				9527B75D5420DBA44140FBBA /* GraphRouter.swift */,
			);
			path = Router;
			sourceTree = "<group>";
		};
		61D7E6415E2EE2F12DC998FD /* Presenter */ = {
			isa = PBXGroup;
			children = (
				9280F1682D32D6C981E0E390 /* GraphPresenterTests.swift */,
			);
			path = Presenter;
			sourceTree = "<group>";
		};
		67AAC64A41DC15FBCAD47D5A /* Interactor */ = {
			isa = PBXGroup;
			children = (
				0613C78C66F9A44AF5C073F6 /* AddInteractorTests.swift */,
			);
			path = Interactor;
			sourceTree = "<group>";
		};
		708D8F40F9F951CA20C36653 /* Router */ = {
			isa = PBXGroup;
			children = (
				62C87FADD5A16220976D68AB /* HogeRouterTests.swift */,
			);
			path = Router;
			sourceTree = "<group>";
		};
		737F1A065F1CE27886CD384C /* Presenter */ = {
			isa = PBXGroup;
			children = (
				7F78E5CB61F6A61487266E6E /* HomePresenterTests.swift */,
			);
			path = Presenter;
			sourceTree = "<group>";
		};
		7BE76C56821D486ADE4F8294 /* Interactor */ = {
			isa = PBXGroup;
			children = (
				B68EE7AD3EE36E328D87AF4D /* HomeInteractor.swift */,
			);
			path = Interactor;
			sourceTree = "<group>";
		};
		87F86A70FA951BBDB76C80AB /* Router */ = {
			isa = PBXGroup;
			children = (
				702130AD706FBE0E9A79A0DB /* AddRouter.swift */,
			);
			path = Router;
			sourceTree = "<group>";
		};
		ABD16C6F2D02B11C10990831 /* Presenter */ = {
			isa = PBXGroup;
			children = (
				EB43510DE904659CD6545D31 /* GraphPresenter.swift */,
			);
			path = Presenter;
			sourceTree = "<group>";
		};
		AE496E0A6CD16CE51D56F19B /* View */ = {
			isa = PBXGroup;
			children = (
				9ECB6B240C1005976225C5DA /* HomeViewTests.swift */,
			);
			path = View;
			sourceTree = "<group>";
		};
		B4DBFE626DF6939F2CA4F521 /* View */ = {
			isa = PBXGroup;
			children = (
				CBF697B6994C19131EAFAEBB /* AddViewTests.swift */,
			);
			path = View;
			sourceTree = "<group>";
		};
		BC5AF7DF32680764CD364BF9 /* View */ = {
			isa = PBXGroup;
			children = (
				FF1FF903E9648E9D7886D2F9 /* HogeViewTests.swift */,
			);
			path = View;
			sourceTree = "<group>";
		};
		C4B2B531B866EAFBD66BB4DB /* Interactor */ = {
			isa = PBXGroup;
			children = (
				1880894E33CED3A91910A5FB /* GraphInteractorTests.swift */,
			);
			path = Interactor;
			sourceTree = "<group>";
		};
		E401770A206C9F3500CD7A9D /* Modules */ = {
			isa = PBXGroup;
			children = (
				5D14599C55E6CBDF76D48267 /* Home */,
				1E95BCE296FF0FF79A1A2676 /* Add */,
				41FBAD01DB675846A7F3F86C /* Graph */,
			);
			path = Modules;
			sourceTree = "<group>";
		};
		E4022654206362EF0008C8F5 = {
			isa = PBXGroup;
			children = (
				E402265F206362F00008C8F5 /* iOSBoilerplate */,
				E4022674206362F00008C8F5 /* iOSBoilerplateTests */,
				E402267F206362F00008C8F5 /* iOSBoilerplateUITests */,
				E402265E206362F00008C8F5 /* Products */,
				E43258C62063973900871566 /* Frameworks */,
			);
			sourceTree = "<group>";
		};
		E402265E206362F00008C8F5 /* Products */ = {
			isa = PBXGroup;
			children = (
				E402265D206362F00008C8F5 /* iOSBoilerplate.app */,
				E4022671206362F00008C8F5 /* iOSBoilerplateTests.xctest */,
				E402267C206362F00008C8F5 /* iOSBoilerplateUITests.xctest */,
			);
			name = Products;
			sourceTree = "<group>";
		};
		E402265F206362F00008C8F5 /* iOSBoilerplate */ = {
			isa = PBXGroup;
			children = (
				E401770A206C9F3500CD7A9D /* Modules */,
				E45F91B92071E4E400A690E5 /* Service */,
				E45F91B62071D38900A690E5 /* Schema */,
				E41AC0D0206B3182000171E9 /* DataManager */,
				E45F91BE2071EF1300A690E5 /* Extension */,
				E403FE672068BC6200BD2A8C /* Entity */,
				E402266C206362F00008C8F5 /* Info.plist */,
				E4022660206362F00008C8F5 /* AppDelegate.swift */,
				E4022667206362F00008C8F5 /* Assets.xcassets */,
			);
			path = iOSBoilerplate;
			sourceTree = "<group>";
		};
		E4022674206362F00008C8F5 /* iOSBoilerplateTests */ = {
			isa = PBXGroup;
			children = (
				E4022675206362F00008C8F5 /* iOSBoilerplateTests.swift */,
				E4022677206362F00008C8F5 /* Info.plist */,
				4081C50F6927575BB5383459 /* Hoge */,
				219FE00E31A80EE60D88AD8E /* Add */,
				189BA37FD496C2DE41F6FDF0 /* Home */,
				FBD0201D4327D8A81B84F8B8 /* Graph */,
			);
			path = iOSBoilerplateTests;
			sourceTree = "<group>";
		};
		E402267F206362F00008C8F5 /* iOSBoilerplateUITests */ = {
			isa = PBXGroup;
			children = (
				E4022680206362F00008C8F5 /* iOSBoilerplateUITests.swift */,
				E4022682206362F00008C8F5 /* Info.plist */,
			);
			path = iOSBoilerplateUITests;
			sourceTree = "<group>";
		};
		E403FE672068BC6200BD2A8C /* Entity */ = {
			isa = PBXGroup;
			children = (
				E45F91B4206E055C00A690E5 /* Task.swift */,
			);
			path = Entity;
			sourceTree = "<group>";
		};
		E41AC0D0206B3182000171E9 /* DataManager */ = {
			isa = PBXGroup;
			children = (
			);
			path = DataManager;
			sourceTree = "<group>";
		};
		E43258C62063973900871566 /* Frameworks */ = {
			isa = PBXGroup;
			children = (
				E471B88220721CC7000AB2C8 /* Charts.framework */,
				E4FF7C62206A223B00176853 /* SQLite.framework */,
				E403FE692068CDC100BD2A8C /* Cartography.framework */,
				E43258C72063973900871566 /* Eureka.framework */,
			);
			name = Frameworks;
			sourceTree = "<group>";
		};
		E45F91B62071D38900A690E5 /* Schema */ = {
			isa = PBXGroup;
			children = (
				E45F91B72071D3AE00A690E5 /* TaskSchema.swift */,
			);
			path = Schema;
			sourceTree = "<group>";
		};
		E45F91B92071E4E400A690E5 /* Service */ = {
			isa = PBXGroup;
			children = (
				E45F91BA2071E50000A690E5 /* TaskService.swift */,
				E45F91C1207204BE00A690E5 /* InitService.swift */,
				E45F91BC2071EB5900A690E5 /* ResourceService.swift */,
			);
			path = Service;
			sourceTree = "<group>";
		};
		E45F91BE2071EF1300A690E5 /* Extension */ = {
			isa = PBXGroup;
			children = (
				E45F91BF2071EF9700A690E5 /* BaseInteractor.swift */,
			);
			path = Extension;
			sourceTree = "<group>";
		};
		E982FEDCBFA87C03EE4402D1 /* View */ = {
			isa = PBXGroup;
			children = (
				5899C36D268012F3AE4C84DF /* GraphViewController.swift */,
			);
			path = View;
			sourceTree = "<group>";
		};
		F96A9EE5DD3812F7D49B36C5 /* View */ = {
			isa = PBXGroup;
			children = (
				955062B6F6C704D4A22507E0 /* AddViewController.swift */,
			);
			path = View;
			sourceTree = "<group>";
		};
		FBD0201D4327D8A81B84F8B8 /* Graph */ = {
			isa = PBXGroup;
			children = (
				1A047335904D964FD6C6429D /* View */,
				C4B2B531B866EAFBD66BB4DB /* Interactor */,
				61D7E6415E2EE2F12DC998FD /* Presenter */,
				1EEEEEE76ED4B703294E501A /* Router */,
			);
			path = Graph;
			sourceTree = "<group>";
		};
/* End PBXGroup section */

/* Begin PBXNativeTarget section */
		E402265C206362EF0008C8F5 /* iOSBoilerplate */ = {
			isa = PBXNativeTarget;
			buildConfigurationList = E4022685206362F00008C8F5 /* Build configuration list for PBXNativeTarget "iOSBoilerplate" */;
			buildPhases = (
				E4022659206362EF0008C8F5 /* Sources */,
				E402265A206362EF0008C8F5 /* Frameworks */,
				E402265B206362EF0008C8F5 /* Resources */,
				E43258C5206391F900871566 /* ShellScript */,
			);
			buildRules = (
			);
			dependencies = (
			);
			name = iOSBoilerplate;
			productName = iOSBoilerplate;
			productReference = E402265D206362F00008C8F5 /* iOSBoilerplate.app */;
			productType = "com.apple.product-type.application";
		};
		E4022670206362F00008C8F5 /* iOSBoilerplateTests */ = {
			isa = PBXNativeTarget;
			buildConfigurationList = E4022688206362F00008C8F5 /* Build configuration list for PBXNativeTarget "iOSBoilerplateTests" */;
			buildPhases = (
				E402266D206362F00008C8F5 /* Sources */,
				E402266E206362F00008C8F5 /* Frameworks */,
				E402266F206362F00008C8F5 /* Resources */,
			);
			buildRules = (
			);
			dependencies = (
				E4022673206362F00008C8F5 /* PBXTargetDependency */,
			);
			name = iOSBoilerplateTests;
			productName = iOSBoilerplateTests;
			productReference = E4022671206362F00008C8F5 /* iOSBoilerplateTests.xctest */;
			productType = "com.apple.product-type.bundle.unit-test";
		};
		E402267B206362F00008C8F5 /* iOSBoilerplateUITests */ = {
			isa = PBXNativeTarget;
			buildConfigurationList = E402268B206362F00008C8F5 /* Build configuration list for PBXNativeTarget "iOSBoilerplateUITests" */;
			buildPhases = (
				E4022678206362F00008C8F5 /* Sources */,
				E4022679206362F00008C8F5 /* Frameworks */,
				E402267A206362F00008C8F5 /* Resources */,
			);
			buildRules = (
			);
			dependencies = (
				E402267E206362F00008C8F5 /* PBXTargetDependency */,
			);
			name = iOSBoilerplateUITests;
			productName = iOSBoilerplateUITests;
			productReference = E402267C206362F00008C8F5 /* iOSBoilerplateUITests.xctest */;
			productType = "com.apple.product-type.bundle.ui-testing";
		};
/* End PBXNativeTarget section */

/* Begin PBXProject section */
		E4022655206362EF0008C8F5 /* Project object */ = {
			isa = PBXProject;
			attributes = {
				LastSwiftUpdateCheck = 0920;
				LastUpgradeCheck = 0920;
				ORGANIZATIONNAME = tronperidot;
				TargetAttributes = {
					E402265C206362EF0008C8F5 = {
						CreatedOnToolsVersion = 9.2;
						ProvisioningStyle = Automatic;
					};
					E4022670206362F00008C8F5 = {
						CreatedOnToolsVersion = 9.2;
						ProvisioningStyle = Automatic;
						TestTargetID = E402265C206362EF0008C8F5;
					};
					E402267B206362F00008C8F5 = {
						CreatedOnToolsVersion = 9.2;
						ProvisioningStyle = Automatic;
						TestTargetID = E402265C206362EF0008C8F5;
					};
				};
			};
			buildConfigurationList = E4022658206362EF0008C8F5 /* Build configuration list for PBXProject "iOSBoilerplate" */;
			compatibilityVersion = "Xcode 8.0";
			developmentRegion = en;
			hasScannedForEncodings = 0;
			knownRegions = (
				en,
				Base,
			);
			mainGroup = E4022654206362EF0008C8F5;
			productRefGroup = E402265E206362F00008C8F5 /* Products */;
			projectDirPath = "";
			projectRoot = "";
			targets = (
				E402265C206362EF0008C8F5 /* iOSBoilerplate */,
				E4022670206362F00008C8F5 /* iOSBoilerplateTests */,
				E402267B206362F00008C8F5 /* iOSBoilerplateUITests */,
			);
		};
/* End PBXProject section */

/* Begin PBXResourcesBuildPhase section */
		E402265B206362EF0008C8F5 /* Resources */ = {
			isa = PBXResourcesBuildPhase;
			buildActionMask = 2147483647;
			files = (
				E4022668206362F00008C8F5 /* Assets.xcassets in Resources */,
			);
			runOnlyForDeploymentPostprocessing = 0;
		};
		E402266F206362F00008C8F5 /* Resources */ = {
			isa = PBXResourcesBuildPhase;
			buildActionMask = 2147483647;
			files = (
			);
			runOnlyForDeploymentPostprocessing = 0;
		};
		E402267A206362F00008C8F5 /* Resources */ = {
			isa = PBXResourcesBuildPhase;
			buildActionMask = 2147483647;
			files = (
			);
			runOnlyForDeploymentPostprocessing = 0;
		};
/* End PBXResourcesBuildPhase section */

/* Begin PBXShellScriptBuildPhase section */
		E43258C5206391F900871566 /* ShellScript */ = {
			isa = PBXShellScriptBuildPhase;
			buildActionMask = 2147483647;
			files = (
			);
			inputPaths = (
				"$(SRCROOT)/Carthage/Build/iOS/Eureka.framework",
				"$(SRCROOT)/Carthage/Build/iOS/Cartography.framework",
				"$(SRCROOT)/Carthage/Build/iOS/SQLite.framework",
				"$(SRCROOT)/Carthage/Build/iOS/Charts.framework",
			);
			outputPaths = (
			);
			runOnlyForDeploymentPostprocessing = 0;
			shellPath = /bin/sh;
			shellScript = "/usr/local/bin/carthage copy-frameworks";
		};
/* End PBXShellScriptBuildPhase section */

/* Begin PBXSourcesBuildPhase section */
		E4022659206362EF0008C8F5 /* Sources */ = {
			isa = PBXSourcesBuildPhase;
			buildActionMask = 2147483647;
			files = (
				E4022661206362F00008C8F5 /* AppDelegate.swift in Sources */,
				21650546425CE98DE008FDFC /* AddViewController.swift in Sources */,
				E45F91B82071D3AE00A690E5 /* TaskSchema.swift in Sources */,
				EC7BD8D71D533C4560004C13 /* AddPresenter.swift in Sources */,
				E45F91BD2071EB5900A690E5 /* ResourceService.swift in Sources */,
				E45F91B5206E055C00A690E5 /* Task.swift in Sources */,
				E45F91BB2071E50000A690E5 /* TaskService.swift in Sources */,
				C9862D7A16C38A2A74516178 /* AddInteractor.swift in Sources */,
				73F4043C4B0E65A19198E440 /* AddRouter.swift in Sources */,
				C57E8C2F173CAB39C26D8BDA /* HomeViewController.swift in Sources */,
				E45F91C02071EF9700A690E5 /* BaseInteractor.swift in Sources */,
				17B2DE693982C7DDBC23667F /* HomeInteractor.swift in Sources */,
				FBEFD457D44551D65A89A2FB /* HomePresenter.swift in Sources */,
				E45F91C2207204BE00A690E5 /* InitService.swift in Sources */,
				8A5E7F4335507E84D6F3EA05 /* HomeRouter.swift in Sources */,
				ADD272BDFE321D4E1858AA7C /* GraphViewController.swift in Sources */,
				6897AD0000FEBE276A556ABD /* GraphInteractor.swift in Sources */,
				8374CC45BEE6209AF401C039 /* GraphPresenter.swift in Sources */,
				C48705E6AA578CE8BCD54D98 /* GraphRouter.swift in Sources */,
			);
			runOnlyForDeploymentPostprocessing = 0;
		};
		E402266D206362F00008C8F5 /* Sources */ = {
			isa = PBXSourcesBuildPhase;
			buildActionMask = 2147483647;
			files = (
				E4022676206362F00008C8F5 /* iOSBoilerplateTests.swift in Sources */,
				8CE5DA1733DEDF11EB45926F /* HogeViewTests.swift in Sources */,
				7D58C19C4B8DBE999569ED96 /* HogeInteractorTests.swift in Sources */,
				C73525E42CC28DE819D31895 /* HogePresenterTests.swift in Sources */,
				EFF9C09ED1744D55E02875A5 /* HogeRouterTests.swift in Sources */,
				4531A79222CA727576401E1E /* AddViewTests.swift in Sources */,
				A3754C048C05C257EB7BFD64 /* AddInteractorTests.swift in Sources */,
				EA68A765A6C3C090189BDD9C /* AddPresenterTests.swift in Sources */,
				DAA8D83B306863B6F6ACB1EA /* AddRouterTests.swift in Sources */,
				58BA82E8BDDEF1327D6CFAB4 /* HomeViewTests.swift in Sources */,
				760A8C7105231C84E3161706 /* HomeInteractorTests.swift in Sources */,
				C1A6A88FCF4FAB1CD622EEC3 /* HomePresenterTests.swift in Sources */,
				C69541C7C74D0A00D590F896 /* HomeRouterTests.swift in Sources */,
				FBD86862108340A5F64EC7EA /* GraphViewTests.swift in Sources */,
				E92A0BCB589648EF1F40F23C /* GraphInteractorTests.swift in Sources */,
				FA31659289C8319D59DEFB43 /* GraphPresenterTests.swift in Sources */,
				01D1C222D3A0EC4238A47517 /* GraphRouterTests.swift in Sources */,
			);
			runOnlyForDeploymentPostprocessing = 0;
		};
		E4022678206362F00008C8F5 /* Sources */ = {
			isa = PBXSourcesBuildPhase;
			buildActionMask = 2147483647;
			files = (
				E4022681206362F00008C8F5 /* iOSBoilerplateUITests.swift in Sources */,
			);
			runOnlyForDeploymentPostprocessing = 0;
		};
/* End PBXSourcesBuildPhase section */

/* Begin PBXTargetDependency section */
		E4022673206362F00008C8F5 /* PBXTargetDependency */ = {
			isa = PBXTargetDependency;
			target = E402265C206362EF0008C8F5 /* iOSBoilerplate */;
			targetProxy = E4022672206362F00008C8F5 /* PBXContainerItemProxy */;
		};
		E402267E206362F00008C8F5 /* PBXTargetDependency */ = {
			isa = PBXTargetDependency;
			target = E402265C206362EF0008C8F5 /* iOSBoilerplate */;
			targetProxy = E402267D206362F00008C8F5 /* PBXContainerItemProxy */;
		};
/* End PBXTargetDependency section */

/* Begin XCBuildConfiguration section */
		E4022683206362F00008C8F5 /* Debug */ = {
			isa = XCBuildConfiguration;
			buildSettings = {
				ALWAYS_SEARCH_USER_PATHS = NO;
				CLANG_ANALYZER_NONNULL = YES;
				CLANG_ANALYZER_NUMBER_OBJECT_CONVERSION = YES_AGGRESSIVE;
				CLANG_CXX_LANGUAGE_STANDARD = "gnu++14";
				CLANG_CXX_LIBRARY = "libc++";
				CLANG_ENABLE_MODULES = YES;
				CLANG_ENABLE_OBJC_ARC = YES;
				CLANG_WARN_BLOCK_CAPTURE_AUTORELEASING = YES;
				CLANG_WARN_BOOL_CONVERSION = YES;
				CLANG_WARN_COMMA = YES;
				CLANG_WARN_CONSTANT_CONVERSION = YES;
				CLANG_WARN_DIRECT_OBJC_ISA_USAGE = YES_ERROR;
				CLANG_WARN_DOCUMENTATION_COMMENTS = YES;
				CLANG_WARN_EMPTY_BODY = YES;
				CLANG_WARN_ENUM_CONVERSION = YES;
				CLANG_WARN_INFINITE_RECURSION = YES;
				CLANG_WARN_INT_CONVERSION = YES;
				CLANG_WARN_NON_LITERAL_NULL_CONVERSION = YES;
				CLANG_WARN_OBJC_LITERAL_CONVERSION = YES;
				CLANG_WARN_OBJC_ROOT_CLASS = YES_ERROR;
				CLANG_WARN_RANGE_LOOP_ANALYSIS = YES;
				CLANG_WARN_STRICT_PROTOTYPES = YES;
				CLANG_WARN_SUSPICIOUS_MOVE = YES;
				CLANG_WARN_UNGUARDED_AVAILABILITY = YES_AGGRESSIVE;
				CLANG_WARN_UNREACHABLE_CODE = YES;
				CLANG_WARN__DUPLICATE_METHOD_MATCH = YES;
				CODE_SIGN_IDENTITY = "iPhone Developer";
				COPY_PHASE_STRIP = NO;
				DEBUG_INFORMATION_FORMAT = dwarf;
				ENABLE_STRICT_OBJC_MSGSEND = YES;
				ENABLE_TESTABILITY = YES;
				GCC_C_LANGUAGE_STANDARD = gnu11;
				GCC_DYNAMIC_NO_PIC = NO;
				GCC_NO_COMMON_BLOCKS = YES;
				GCC_OPTIMIZATION_LEVEL = 0;
				GCC_PREPROCESSOR_DEFINITIONS = (
					"DEBUG=1",
					"$(inherited)",
				);
				GCC_WARN_64_TO_32_BIT_CONVERSION = YES;
				GCC_WARN_ABOUT_RETURN_TYPE = YES_ERROR;
				GCC_WARN_UNDECLARED_SELECTOR = YES;
				GCC_WARN_UNINITIALIZED_AUTOS = YES_AGGRESSIVE;
				GCC_WARN_UNUSED_FUNCTION = YES;
				GCC_WARN_UNUSED_VARIABLE = YES;
				IPHONEOS_DEPLOYMENT_TARGET = 11.2;
				MTL_ENABLE_DEBUG_INFO = YES;
				ONLY_ACTIVE_ARCH = YES;
				SDKROOT = iphoneos;
				SWIFT_ACTIVE_COMPILATION_CONDITIONS = DEBUG;
				SWIFT_OPTIMIZATION_LEVEL = "-Onone";
			};
			name = Debug;
		};
		E4022684206362F00008C8F5 /* Release */ = {
			isa = XCBuildConfiguration;
			buildSettings = {
				ALWAYS_SEARCH_USER_PATHS = NO;
				CLANG_ANALYZER_NONNULL = YES;
				CLANG_ANALYZER_NUMBER_OBJECT_CONVERSION = YES_AGGRESSIVE;
				CLANG_CXX_LANGUAGE_STANDARD = "gnu++14";
				CLANG_CXX_LIBRARY = "libc++";
				CLANG_ENABLE_MODULES = YES;
				CLANG_ENABLE_OBJC_ARC = YES;
				CLANG_WARN_BLOCK_CAPTURE_AUTORELEASING = YES;
				CLANG_WARN_BOOL_CONVERSION = YES;
				CLANG_WARN_COMMA = YES;
				CLANG_WARN_CONSTANT_CONVERSION = YES;
				CLANG_WARN_DIRECT_OBJC_ISA_USAGE = YES_ERROR;
				CLANG_WARN_DOCUMENTATION_COMMENTS = YES;
				CLANG_WARN_EMPTY_BODY = YES;
				CLANG_WARN_ENUM_CONVERSION = YES;
				CLANG_WARN_INFINITE_RECURSION = YES;
				CLANG_WARN_INT_CONVERSION = YES;
				CLANG_WARN_NON_LITERAL_NULL_CONVERSION = YES;
				CLANG_WARN_OBJC_LITERAL_CONVERSION = YES;
				CLANG_WARN_OBJC_ROOT_CLASS = YES_ERROR;
				CLANG_WARN_RANGE_LOOP_ANALYSIS = YES;
				CLANG_WARN_STRICT_PROTOTYPES = YES;
				CLANG_WARN_SUSPICIOUS_MOVE = YES;
				CLANG_WARN_UNGUARDED_AVAILABILITY = YES_AGGRESSIVE;
				CLANG_WARN_UNREACHABLE_CODE = YES;
				CLANG_WARN__DUPLICATE_METHOD_MATCH = YES;
				CODE_SIGN_IDENTITY = "iPhone Developer";
				COPY_PHASE_STRIP = NO;
				DEBUG_INFORMATION_FORMAT = "dwarf-with-dsym";
				ENABLE_NS_ASSERTIONS = NO;
				ENABLE_STRICT_OBJC_MSGSEND = YES;
				GCC_C_LANGUAGE_STANDARD = gnu11;
				GCC_NO_COMMON_BLOCKS = YES;
				GCC_WARN_64_TO_32_BIT_CONVERSION = YES;
				GCC_WARN_ABOUT_RETURN_TYPE = YES_ERROR;
				GCC_WARN_UNDECLARED_SELECTOR = YES;
				GCC_WARN_UNINITIALIZED_AUTOS = YES_AGGRESSIVE;
				GCC_WARN_UNUSED_FUNCTION = YES;
				GCC_WARN_UNUSED_VARIABLE = YES;
				IPHONEOS_DEPLOYMENT_TARGET = 11.2;
				MTL_ENABLE_DEBUG_INFO = NO;
				SDKROOT = iphoneos;
				SWIFT_OPTIMIZATION_LEVEL = "-Owholemodule";
				VALIDATE_PRODUCT = YES;
			};
			name = Release;
		};
		E4022686206362F00008C8F5 /* Debug */ = {
			isa = XCBuildConfiguration;
			buildSettings = {
				ASSETCATALOG_COMPILER_APPICON_NAME = AppIcon;
				CODE_SIGN_STYLE = Automatic;
				DEVELOPMENT_TEAM = "";
				FRAMEWORK_SEARCH_PATHS = (
					"$(inherited)",
					"$(PROJECT_DIR)/Carthage/Build/iOS",
				);
				INFOPLIST_FILE = iOSBoilerplate/Info.plist;
				LD_RUNPATH_SEARCH_PATHS = "$(inherited) @executable_path/Frameworks";
				PRODUCT_BUNDLE_IDENTIFIER = com.tronperidot.iOSBoilerplate;
				PRODUCT_NAME = "$(TARGET_NAME)";
				SWIFT_VERSION = 4.0;
				TARGETED_DEVICE_FAMILY = "1,2";
			};
			name = Debug;
		};
		E4022687206362F00008C8F5 /* Release */ = {
			isa = XCBuildConfiguration;
			buildSettings = {
				ASSETCATALOG_COMPILER_APPICON_NAME = AppIcon;
				CODE_SIGN_STYLE = Automatic;
				DEVELOPMENT_TEAM = "";
				FRAMEWORK_SEARCH_PATHS = (
					"$(inherited)",
					"$(PROJECT_DIR)/Carthage/Build/iOS",
				);
				INFOPLIST_FILE = iOSBoilerplate/Info.plist;
				LD_RUNPATH_SEARCH_PATHS = "$(inherited) @executable_path/Frameworks";
				PRODUCT_BUNDLE_IDENTIFIER = com.tronperidot.iOSBoilerplate;
				PRODUCT_NAME = "$(TARGET_NAME)";
				SWIFT_VERSION = 4.0;
				TARGETED_DEVICE_FAMILY = "1,2";
			};
			name = Release;
		};
		E4022689206362F00008C8F5 /* Debug */ = {
			isa = XCBuildConfiguration;
			buildSettings = {
				ALWAYS_EMBED_SWIFT_STANDARD_LIBRARIES = YES;
				BUNDLE_LOADER = "$(TEST_HOST)";
				CODE_SIGN_STYLE = Automatic;
				INFOPLIST_FILE = iOSBoilerplateTests/Info.plist;
				LD_RUNPATH_SEARCH_PATHS = "$(inherited) @executable_path/Frameworks @loader_path/Frameworks";
				PRODUCT_BUNDLE_IDENTIFIER = com.tronperidot.iOSBoilerplateTests;
				PRODUCT_NAME = "$(TARGET_NAME)";
				SWIFT_VERSION = 4.0;
				TARGETED_DEVICE_FAMILY = "1,2";
				TEST_HOST = "$(BUILT_PRODUCTS_DIR)/iOSBoilerplate.app/iOSBoilerplate";
			};
			name = Debug;
		};
		E402268A206362F00008C8F5 /* Release */ = {
			isa = XCBuildConfiguration;
			buildSettings = {
				ALWAYS_EMBED_SWIFT_STANDARD_LIBRARIES = YES;
				BUNDLE_LOADER = "$(TEST_HOST)";
				CODE_SIGN_STYLE = Automatic;
				INFOPLIST_FILE = iOSBoilerplateTests/Info.plist;
				LD_RUNPATH_SEARCH_PATHS = "$(inherited) @executable_path/Frameworks @loader_path/Frameworks";
				PRODUCT_BUNDLE_IDENTIFIER = com.tronperidot.iOSBoilerplateTests;
				PRODUCT_NAME = "$(TARGET_NAME)";
				SWIFT_VERSION = 4.0;
				TARGETED_DEVICE_FAMILY = "1,2";
				TEST_HOST = "$(BUILT_PRODUCTS_DIR)/iOSBoilerplate.app/iOSBoilerplate";
			};
			name = Release;
		};
		E402268C206362F00008C8F5 /* Debug */ = {
			isa = XCBuildConfiguration;
			buildSettings = {
				ALWAYS_EMBED_SWIFT_STANDARD_LIBRARIES = YES;
				CODE_SIGN_STYLE = Automatic;
				INFOPLIST_FILE = iOSBoilerplateUITests/Info.plist;
				LD_RUNPATH_SEARCH_PATHS = "$(inherited) @executable_path/Frameworks @loader_path/Frameworks";
				PRODUCT_BUNDLE_IDENTIFIER = com.tronperidot.iOSBoilerplateUITests;
				PRODUCT_NAME = "$(TARGET_NAME)";
				SWIFT_VERSION = 4.0;
				TARGETED_DEVICE_FAMILY = "1,2";
				TEST_TARGET_NAME = iOSBoilerplate;
			};
			name = Debug;
		};
		E402268D206362F00008C8F5 /* Release */ = {
			isa = XCBuildConfiguration;
			buildSettings = {
				ALWAYS_EMBED_SWIFT_STANDARD_LIBRARIES = YES;
				CODE_SIGN_STYLE = Automatic;
				INFOPLIST_FILE = iOSBoilerplateUITests/Info.plist;
				LD_RUNPATH_SEARCH_PATHS = "$(inherited) @executable_path/Frameworks @loader_path/Frameworks";
				PRODUCT_BUNDLE_IDENTIFIER = com.tronperidot.iOSBoilerplateUITests;
				PRODUCT_NAME = "$(TARGET_NAME)";
				SWIFT_VERSION = 4.0;
				TARGETED_DEVICE_FAMILY = "1,2";
				TEST_TARGET_NAME = iOSBoilerplate;
			};
			name = Release;
		};
/* End XCBuildConfiguration section */

/* Begin XCConfigurationList section */
		E4022658206362EF0008C8F5 /* Build configuration list for PBXProject "iOSBoilerplate" */ = {
			isa = XCConfigurationList;
			buildConfigurations = (
				E4022683206362F00008C8F5 /* Debug */,
				E4022684206362F00008C8F5 /* Release */,
			);
			defaultConfigurationIsVisible = 0;
			defaultConfigurationName = Release;
		};
		E4022685206362F00008C8F5 /* Build configuration list for PBXNativeTarget "iOSBoilerplate" */ = {
			isa = XCConfigurationList;
			buildConfigurations = (
				E4022686206362F00008C8F5 /* Debug */,
				E4022687206362F00008C8F5 /* Release */,
			);
			defaultConfigurationIsVisible = 0;
			defaultConfigurationName = Release;
		};
		E4022688206362F00008C8F5 /* Build configuration list for PBXNativeTarget "iOSBoilerplateTests" */ = {
			isa = XCConfigurationList;
			buildConfigurations = (
				E4022689206362F00008C8F5 /* Debug */,
				E402268A206362F00008C8F5 /* Release */,
			);
			defaultConfigurationIsVisible = 0;
			defaultConfigurationName = Release;
		};
		E402268B206362F00008C8F5 /* Build configuration list for PBXNativeTarget "iOSBoilerplateUITests" */ = {
			isa = XCConfigurationList;
			buildConfigurations = (
				E402268C206362F00008C8F5 /* Debug */,
				E402268D206362F00008C8F5 /* Release */,
			);
			defaultConfigurationIsVisible = 0;
			defaultConfigurationName = Release;
		};
/* End XCConfigurationList section */
	};
	rootObject = E4022655206362EF0008C8F5 /* Project object */;
}
